# THIS IS AN AUTOGENERATED FILE. DO NOT EDIT THIS FILE DIRECTLY.
# yarn lockfile v1


axios@^0.21.4:
  version "0.21.4"
  resolved "https://nexus.apps.jusbr.com/repository/npm-all/axios/-/axios-0.21.4.tgz#c67b90dc0568e5c1cf2b0b858c43ba28e2eda575"
  integrity sha512-ut5vewkiu8jjGBdqpM44XxjuCjq9LAKeHVmoVfHVzy8eHgxxq8SbAVQNovDA8mVi05kP0Ea/n/UzcSHcTJQfNg==
  dependencies:
    follow-redirects "^1.14.0"

bluebird@^3.5.1:
  version "3.7.2"
  resolved "https://nexus.apps.jusbr.com/repository/npm-all/bluebird/-/bluebird-3.7.2.tgz#9f229c15be272454ffa973ace0dbee79a1b0c36f"
  integrity sha512-XpNj6GDQzdfW+r2Wnn7xiSAd7TM3jzkxGXBGTtWKuSXv1xUV+azxAm8jdWZN06QTQk+2N2XB9jRDkvbmQmcRtg==

byline@5.0.0:
  version "5.0.0"
  resolved "https://nexus.apps.jusbr.com/repository/npm-all/byline/-/byline-5.0.0.tgz#741c5216468eadc457b03410118ad77de8c1ddb1"
  integrity sha1-dBxSFkaOrcRXsDQQEYrXfejB3bE=

commander@^6.1.0:
  version "6.2.1"
  resolved "https://nexus.apps.jusbr.com/repository/npm-all/commander/-/commander-6.2.1.tgz#0792eb682dfbc325999bb2b84fddddba110ac73c"
  integrity sha512-U7VdrJFnJgo4xjrHpTzu0yrHPGImdsmD95ZlgYSEajAn2JKzDhDTPG9kBTefmObL2w/ngeZnilk+OV9CG3d7UA==

csv-split-stream@^1.0.2:
  version "1.0.2"
  resolved "https://nexus.apps.jusbr.com/repository/npm-all/csv-split-stream/-/csv-split-stream-1.0.2.tgz#d80613d839ab68372ea97fe7e30fb54be12c497c"
  integrity sha1-2AYT2DmraDcuqX/n4w+1S+EsSXw=
  dependencies:
    byline "5.0.0"

csvtojson@^2.0.10:
  version "2.0.10"
  resolved "https://nexus.apps.jusbr.com/repository/npm-all/csvtojson/-/csvtojson-2.0.10.tgz#11e7242cc630da54efce7958a45f443210357574"
  integrity sha512-lUWFxGKyhraKCW8Qghz6Z0f2l/PqB1W3AO0HKJzGIQ5JRSlR651ekJDiGJbBT4sRNNv5ddnSGVEnsxP9XRCVpQ==
  dependencies:
    bluebird "^3.5.1"
    lodash "^4.17.3"
    strip-bom "^2.0.0"

data-uri-to-buffer@^3.0.1:
  version "3.0.1"
  resolved "https://nexus.apps.jusbr.com/repository/npm-all/data-uri-to-buffer/-/data-uri-to-buffer-3.0.1.tgz#594b8973938c5bc2c33046535785341abc4f3636"
  integrity sha512-WboRycPNsVw3B3TL559F7kuBUM4d8CgMEvk6xEJlOp7OBPjt6G7z8WMWlD2rOFZLk6OYfFIUGsCOWzcQH9K2og==

fetch-blob@^3.1.2:
  version "3.1.2"
  resolved "https://nexus.apps.jusbr.com/repository/npm-all/fetch-blob/-/fetch-blob-3.1.2.tgz#6bc438675f3851ecea51758ac91f6a1cd1bacabd"
  integrity sha512-hunJbvy/6OLjCD0uuhLdp0mMPzP/yd2ssd1t2FCJsaA7wkWhpbp9xfuNVpv7Ll4jFhzp6T4LAupSiV9uOeg0VQ==
  dependencies:
    web-streams-polyfill "^3.0.3"

follow-redirects@^1.14.0:
  version "1.14.3"
  resolved "https://nexus.apps.jusbr.com/repository/npm-all/follow-redirects/-/follow-redirects-1.14.3.tgz#6ada78118d8d24caee595595accdc0ac6abd022e"
  integrity sha512-3MkHxknWMUtb23apkgz/83fDoe+y+qr0TdgacGIA7bew+QLBo3vdgEN2xEsuXNivpFy4CyDhBBZnNZOtalmenw==

is-utf8@^0.2.0:
  version "0.2.1"
  resolved "https://nexus.apps.jusbr.com/repository/npm-all/is-utf8/-/is-utf8-0.2.1.tgz#4b0da1442104d1b336340e80797e865cf39f7d72"
  integrity sha1-Sw2hRCEE0bM2NA6AeX6GXPOffXI=

json2csv@^5.0.6:
  version "5.0.6"
  resolved "https://nexus.apps.jusbr.com/repository/npm-all/json2csv/-/json2csv-5.0.6.tgz#590e0e1b9579e59baa53bda0c0d840f4d8009687"
  integrity sha512-0/4Lv6IenJV0qj2oBdgPIAmFiKKnh8qh7bmLFJ+/ZZHLjSeiL3fKKGX3UryvKPbxFbhV+JcYo9KUC19GJ/Z/4A==
  dependencies:
    commander "^6.1.0"
    jsonparse "^1.3.1"
    lodash.get "^4.4.2"

jsonparse@^1.3.1:
  version "1.3.1"
  resolved "https://nexus.apps.jusbr.com/repository/npm-all/jsonparse/-/jsonparse-1.3.1.tgz#3f4dae4a91fac315f71062f8521cc239f1366280"
  integrity sha1-P02uSpH6wxX3EGL4UhzCOfE2YoA=

lodash.get@^4.4.2:
  version "4.4.2"
  resolved "https://nexus.apps.jusbr.com/repository/npm-all/lodash.get/-/lodash.get-4.4.2.tgz#2d177f652fa31e939b4438d5341499dfa3825e99"
  integrity sha1-LRd/ZS+jHpObRDjVNBSZ36OCXpk=

lodash@^4.17.3:
  version "4.17.21"
  resolved "https://nexus.apps.jusbr.com/repository/npm-all/lodash/-/lodash-4.17.21.tgz#679591c564c3bffaae8454cf0b3df370c3d6911c"
  integrity sha512-v2kDEe57lecTulaDIuNTPy3Ry4gLGJ6Z1O3vE1krgXZNrsQ+LFTGHVxVjcXPs17LhbZVGedAJv8XZ1tvj5FvSg==

node-fetch@^3.0.0:
  version "3.0.0"
  resolved "https://nexus.apps.jusbr.com/repository/npm-all/node-fetch/-/node-fetch-3.0.0.tgz#79da7146a520036f2c5f644e4a26095f17e411ea"
  integrity sha512-bKMI+C7/T/SPU1lKnbQbwxptpCrG9ashG+VkytmXCPZyuM9jB6VU+hY0oi4lC8LxTtAeWdckNCTa3nrGsAdA3Q==
  dependencies:
    data-uri-to-buffer "^3.0.1"
    fetch-blob "^3.1.2"

strip-bom@^2.0.0:
  version "2.0.0"
  resolved "https://nexus.apps.jusbr.com/repository/npm-all/strip-bom/-/strip-bom-2.0.0.tgz#6219a85616520491f35788bdbf1447a99c7e6b0e"
  integrity sha1-YhmoVhZSBJHzV4i9vxRHqZx+aw4=
  dependencies:
    is-utf8 "^0.2.0"

web-streams-polyfill@^3.0.3:
  version "3.1.1"
  resolved "https://nexus.apps.jusbr.com/repository/npm-all/web-streams-polyfill/-/web-streams-polyfill-3.1.1.tgz#1516f2d4ea8f1bdbfed15eb65cb2df87098c8364"
  integrity sha512-Czi3fG883e96T4DLEPRvufrF2ydhOOW1+1a6c3gNjH2aIh50DNFBdfwh2AKoOf1rXvpvavAoA11Qdq9+BKjE0Q==
