# THIS IS AN AUTOGENERATED FILE. DO NOT EDIT THIS FILE DIRECTLY.
# yarn lockfile v1


"@faker-js/faker@^9.0.0":
  version "9.0.0"
  resolved "https://nexus.apps.jusbr.com/repository/npm-all/@faker-js/faker/-/faker-9.0.0.tgz#3cc9af90c784d1081ebd0d85ea10bc648fc5c981"
  integrity sha512-dTDHJSmz6c1OJ6HO7jiUiIb4sB20Dlkb3pxYsKm0qTXm2Bmj97rlXIhlvaFsW2rvCi+OLlwKLVSS6ZxFUVZvjQ==

csv-writer@^1.6.0:
  version "1.6.0"
  resolved "https://registry.yarnpkg.com/csv-writer/-/csv-writer-1.6.0.tgz#d0cea44b6b4d7d3baa2ecc6f3f7209233514bcf9"
  integrity sha512-NOx7YDFWEsM/fTRAJjRpPp8t+MKRVvniAg9wQlUKx20MFrPs73WLJhFf5iteqrxNYnsy924K3Iroh3yNHeYd2g==
