# THIS IS AN AUTOGENERATED FILE. DO NOT EDIT THIS FILE DIRECTLY.
# yarn lockfile v1


csv-writer@^1.6.0:
  version "1.6.0"
  resolved "https://registry.yarnpkg.com/csv-writer/-/csv-writer-1.6.0.tgz#d0cea44b6b4d7d3baa2ecc6f3f7209233514bcf9"
  integrity sha512-NOx7YDFWEsM/fTRAJjRpPp8t+MKRVvniAg9wQlUKx20MFrPs73WLJhFf5iteqrxNYnsy924K3Iroh3yNHeYd2g==

faker@^4.1.0:
  version "4.1.0"
  resolved "https://registry.yarnpkg.com/faker/-/faker-4.1.0.tgz#1e45bbbecc6774b3c195fad2835109c6d748cc3f"
  integrity sha1-HkW7vsxndLPBlfrSg1EJxtdIzD8=
